PODS:
  - KKPodTest (0.0.1):
    - KKPodTest/Category (= 0.0.1)
    - KKPodTest/UIKit (= 0.0.1)
  - KKPodTest/Category (0.0.1)
  - KKPodTest/UIKit (0.0.1)

DEPENDENCIES:
  - KKPodTest (from `../`)

EXTERNAL SOURCES:
  KKPodTest:
    :path: "../"

SPEC CHECKSUMS:
  KKPodTest: 9ba0797f29ea9e9d4f1c6979bf1d5816ebd38746

PODFILE CHECKSUM: b6f88da4a997e92ee403870e137c902c6222cbce

COCOAPODS: 1.9.3
